<Solution>
  <Project Path="Assembly-CSharp-Editor.csproj" />
  <Project Path="Unity.Localization.csproj" />
  <Project Path="Unity.Localization.Editor.csproj" />
  <Project Path="Unity.ResourceManager.csproj" />
  <Project Path="Assembly-CSharp.csproj" />
  <Project Path="Unity.InternalAPIEngineBridge.013.csproj" />
  <Project Path="Unity.Localization.DocCodeSamples.csproj" />
  <Project Path="Unity.InternalAPIEditorBridge.013.csproj" />
</Solution>
